github.com/joho/godotenv v1.5.1 h1:7eLL/+HRGLY0ldzfGMeQkb7vMd0as4CfYvUVzLqw0N0=
github.com/joho/godotenv v1.5.1/go.mod h1:f4LDr5Voq0i2e/R5DDNOoa2zzDfwtkZa6DnEwAbqwq4=
github.com/vulncheck-oss/sdk-go-v2/v2 v2.1.2 h1:NI5D4JXbHQxlazeGPTKPo68iFmw3Qi5jvie5dNn1FiA=
github.com/vulncheck-oss/sdk-go-v2/v2 v2.1.2/go.mod h1:Qb2iycyUJmzRTYNnfud4g8lXyT7Zo45RuYspgmwcbI4=
